schema: '2.0'
stages:
  ingestion:
    cmd: python src/ingestion/ingestion.py
    deps:
    - path: data/donnees_synthetiques.csv
      hash: md5
      md5: 95ccf4d4640c503b7bf9fd0ff75c42af
      size: 25875168
    - path: params.yaml
      hash: md5
      md5: ab2ac3405501defc2cd97eae174d0605
      size: 1029
    - path: src/ingestion/ingestion.py
      hash: md5
      md5: aa4f6c76b04dc7ef4dd9040d3cf6a9e9
      size: 3851
    outs:
    - path: data/raw/ingested_data.csv
      hash: md5
      md5: 81e89076a05d94d9168d59e40c9ff532
      size: 25469531
  preprocessing:
    cmd: python src/preprocessing/preprocessing.py
    deps:
    - path: data/raw/ingested_data.csv
      hash: md5
      md5: 81e89076a05d94d9168d59e40c9ff532
      size: 25469531
    - path: params.yaml
      hash: md5
      md5: ab2ac3405501defc2cd97eae174d0605
      size: 1029
    - path: src/preprocessing/preprocessing.py
      hash: md5
      md5: 605635befe4146daf7b06065519aec18
      size: 4666
    outs:
    - path: data/processed/preprocessed_data.csv
      hash: md5
      md5: f606133f9bf199771542ec4aeebc31a1
      size: 21283580
  training:
    cmd: python src/training/training.py
    deps:
    - path: data/processed/preprocessed_data.csv
      hash: md5
      md5: f606133f9bf199771542ec4aeebc31a1
      size: 21283580
    - path: params.yaml
      hash: md5
      md5: ab2ac3405501defc2cd97eae174d0605
      size: 1029
    - path: src/training/training.py
      hash: md5
      md5: e3cd17ca2e6f54700a307a31524efe0e
      size: 5423
